
Microsoft Visual Studio Solution File, Format Version 12.00
Project("{FAE04EC0-301F-11D3-BF4B-00C04F79EFBC}") = "GeoService.Contracts", "GeoService.Contracts.csproj", "{85A9FD8D-B754-4D85-86F8-9E2510E9948B}"
EndProject
Project("{2150E333-8FDC-42A3-9474-1A3956D46DE8}") = "Services", "Services", "{ED6FF382-D6EA-4BDF-A7BD-AAE4791A5560}"
EndProject
Project("{2150E333-8FDC-42A3-9474-1A3956D46DE8}") = "Core", "Core", "{A7B69486-755D-4EF2-A38D-0B6E933BD3D1}"
EndProject
Project("{2150E333-8FDC-42A3-9474-1A3956D46DE8}") = "Infrastructure", "Infrastructure", "{14F957B0-E45E-40B3-A17D-A02E6537227D}"
EndProject
Project("{FAE04EC0-301F-11D3-BF4B-00C04F79EFBC}") = "GeoService.Entities", "GeoService.Entities\GeoService.Entities.csproj", "{0DDFB6DC-C0FF-4F94-B775-5E390E26C6A4}"
EndProject
Project("{FAE04EC0-301F-11D3-BF4B-00C04F79EFBC}") = "GeoService.Interfaces", "GeoService.Interfaces\GeoService.Interfaces.csproj", "{74987623-A184-4B2E-AF3B-7659B3501176}"
EndProject
Project("{FAE04EC0-301F-11D3-BF4B-00C04F79EFBC}") = "GeoService.Data", "GeoService.Data\GeoService.Data.csproj", "{794D35E7-4D51-460C-B62B-2EB440D8FF84}"
EndProject
Project("{FAE04EC0-301F-11D3-BF4B-00C04F79EFBC}") = "GeoService.Handlers", "GeoService.Handlers\GeoService.Handlers.csproj", "{F1D64710-3BE8-4F8F-A20F-960D8F02DD79}"
EndProject
Project("{2150E333-8FDC-42A3-9474-1A3956D46DE8}") = "Tests", "Tests", "{0DD05FF9-D88E-47B4-8756-BFC668B4664A}"
EndProject
Project("{FAE04EC0-301F-11D3-BF4B-00C04F79EFBC}") = "GeoService.UnitTest", "GeoService.UnitTest\GeoService.UnitTest.csproj", "{4EB9864B-5578-44B2-9B15-71956CB96520}"
EndProject
Project("{FAE04EC0-301F-11D3-BF4B-00C04F79EFBC}") = "GeoServices.Service", "GeoServices.Service\GeoServices.Service.csproj", "{7B8C7D1A-526F-41A7-8D91-335A6EBE7811}"
EndProject
Global
	GlobalSection(SolutionConfigurationPlatforms) = preSolution
		Debug|Any CPU = Debug|Any CPU
		Release|Any CPU = Release|Any CPU
	EndGlobalSection
	GlobalSection(ProjectConfigurationPlatforms) = postSolution
		{85A9FD8D-B754-4D85-86F8-9E2510E9948B}.Debug|Any CPU.ActiveCfg = Debug|Any CPU
		{85A9FD8D-B754-4D85-86F8-9E2510E9948B}.Debug|Any CPU.Build.0 = Debug|Any CPU
		{85A9FD8D-B754-4D85-86F8-9E2510E9948B}.Release|Any CPU.ActiveCfg = Release|Any CPU
		{85A9FD8D-B754-4D85-86F8-9E2510E9948B}.Release|Any CPU.Build.0 = Release|Any CPU
		{0DDFB6DC-C0FF-4F94-B775-5E390E26C6A4}.Debug|Any CPU.ActiveCfg = Debug|Any CPU
		{0DDFB6DC-C0FF-4F94-B775-5E390E26C6A4}.Debug|Any CPU.Build.0 = Debug|Any CPU
		{0DDFB6DC-C0FF-4F94-B775-5E390E26C6A4}.Release|Any CPU.ActiveCfg = Release|Any CPU
		{0DDFB6DC-C0FF-4F94-B775-5E390E26C6A4}.Release|Any CPU.Build.0 = Release|Any CPU
		{74987623-A184-4B2E-AF3B-7659B3501176}.Debug|Any CPU.ActiveCfg = Debug|Any CPU
		{74987623-A184-4B2E-AF3B-7659B3501176}.Debug|Any CPU.Build.0 = Debug|Any CPU
		{74987623-A184-4B2E-AF3B-7659B3501176}.Release|Any CPU.ActiveCfg = Release|Any CPU
		{74987623-A184-4B2E-AF3B-7659B3501176}.Release|Any CPU.Build.0 = Release|Any CPU
		{794D35E7-4D51-460C-B62B-2EB440D8FF84}.Debug|Any CPU.ActiveCfg = Debug|Any CPU
		{794D35E7-4D51-460C-B62B-2EB440D8FF84}.Debug|Any CPU.Build.0 = Debug|Any CPU
		{794D35E7-4D51-460C-B62B-2EB440D8FF84}.Release|Any CPU.ActiveCfg = Release|Any CPU
		{794D35E7-4D51-460C-B62B-2EB440D8FF84}.Release|Any CPU.Build.0 = Release|Any CPU
		{F1D64710-3BE8-4F8F-A20F-960D8F02DD79}.Debug|Any CPU.ActiveCfg = Debug|Any CPU
		{F1D64710-3BE8-4F8F-A20F-960D8F02DD79}.Debug|Any CPU.Build.0 = Debug|Any CPU
		{F1D64710-3BE8-4F8F-A20F-960D8F02DD79}.Release|Any CPU.ActiveCfg = Release|Any CPU
		{F1D64710-3BE8-4F8F-A20F-960D8F02DD79}.Release|Any CPU.Build.0 = Release|Any CPU
		{4EB9864B-5578-44B2-9B15-71956CB96520}.Debug|Any CPU.ActiveCfg = Debug|Any CPU
		{4EB9864B-5578-44B2-9B15-71956CB96520}.Debug|Any CPU.Build.0 = Debug|Any CPU
		{4EB9864B-5578-44B2-9B15-71956CB96520}.Release|Any CPU.ActiveCfg = Release|Any CPU
		{4EB9864B-5578-44B2-9B15-71956CB96520}.Release|Any CPU.Build.0 = Release|Any CPU
		{7B8C7D1A-526F-41A7-8D91-335A6EBE7811}.Debug|Any CPU.ActiveCfg = Debug|Any CPU
		{7B8C7D1A-526F-41A7-8D91-335A6EBE7811}.Debug|Any CPU.Build.0 = Debug|Any CPU
		{7B8C7D1A-526F-41A7-8D91-335A6EBE7811}.Release|Any CPU.ActiveCfg = Release|Any CPU
		{7B8C7D1A-526F-41A7-8D91-335A6EBE7811}.Release|Any CPU.Build.0 = Release|Any CPU
	EndGlobalSection
	GlobalSection(NestedProjects) = preSolution
		{85A9FD8D-B754-4D85-86F8-9E2510E9948B} = {ED6FF382-D6EA-4BDF-A7BD-AAE4791A5560}
		{0DDFB6DC-C0FF-4F94-B775-5E390E26C6A4} = {A7B69486-755D-4EF2-A38D-0B6E933BD3D1}
		{74987623-A184-4B2E-AF3B-7659B3501176} = {A7B69486-755D-4EF2-A38D-0B6E933BD3D1}
		{794D35E7-4D51-460C-B62B-2EB440D8FF84} = {14F957B0-E45E-40B3-A17D-A02E6537227D}
		{F1D64710-3BE8-4F8F-A20F-960D8F02DD79} = {14F957B0-E45E-40B3-A17D-A02E6537227D}
		{4EB9864B-5578-44B2-9B15-71956CB96520} = {0DD05FF9-D88E-47B4-8756-BFC668B4664A}
		{7B8C7D1A-526F-41A7-8D91-335A6EBE7811} = {ED6FF382-D6EA-4BDF-A7BD-AAE4791A5560}
	EndGlobalSection
EndGlobal
